
Microsoft Visual Studio Solution File, Format Version 12.00
# Visual Studio Version 17
VisualStudioVersion = 17.0.32112.339
MinimumVisualStudioVersion = 10.0.40219.1
Project("{FAE04EC0-301F-11D3-BF4B-00C04F79EFBC}") = "FirstApp", "FirstApp\FirstApp.csproj", "{9A1AC478-201E-4553-8325-6942146E327C}"
EndProject
Global
	GlobalSection(SolutionConfigurationPlatforms) = preSolution
		Debug|Any CPU = Debug|Any CPU
		Release|Any CPU = Release|Any CPU
	EndGlobalSection
	GlobalSection(ProjectConfigurationPlatforms) = postSolution
		{9A1AC478-201E-4553-8325-6942146E327C}.Debug|Any CPU.ActiveCfg = Debug|Any CPU
		{9A1AC478-201E-4553-8325-6942146E327C}.Debug|Any CPU.Build.0 = Debug|Any CPU
		{9A1AC478-201E-4553-8325-6942146E327C}.Release|Any CPU.ActiveCfg = Release|Any CPU
		{9A1AC478-201E-4553-8325-6942146E327C}.Release|Any CPU.Build.0 = Release|Any CPU
	EndGlobalSection
	GlobalSection(SolutionProperties) = preSolution
		HideSolutionNode = FALSE
	EndGlobalSection
	GlobalSection(ExtensibilityGlobals) = postSolution
		SolutionGuid = {32A7D9EB-6D2A-4DE4-B31C-EF7D40858C4D}
	EndGlobalSection
EndGlobal
